lockfileVersion: '9.0'

settings:
  autoInstallPeers: true
  excludeLinksFromLockfile: false

importers:

  .:
    dependencies:
      '@ai-sdk/openai-compatible':
        specifier: ^2.0.41
        version: 2.0.41(zod@4.3.6)
      ai:
        specifier: ^6.0.161
        version: 6.0.161(zod@4.3.6)
      playwright:
        specifier: ^1.59.1
        version: 1.59.1
      zod:
        specifier: ^4.3.6
        version: 4.3.6
    devDependencies:
      typescript:
        specifier: ^6.0.2
        version: 6.0.2

packages:

  '@ai-sdk/gateway@3.0.98':
    resolution: {integrity: sha512-Ol+nP8PIlj8FjN8qKlxhE89N0woqAaGi9CUBGp1boe3RafpphJ7WMuq/RErSvxtwTqje03TP+zIdzP113krxRg==}
    engines: {node: '>=18'}
    peerDependencies:
      zod: ^3.25.76 || ^4.1.8

  '@ai-sdk/openai-compatible@2.0.41':
    resolution: {integrity: sha512-kNAGINk71AlOXx10Dq/PXw4t/9XjdK8uxfpVElRwtSFMdeSiLVt58p9TPx4/FJD+hxZuVhvxYj9r42osxWq79g==}
    engines: {node: '>=18'}
    peerDependencies:
      zod: ^3.25.76 || ^4.1.8

  '@ai-sdk/provider-utils@4.0.23':
    resolution: {integrity: sha512-z8GlDaCmRSDlqkMF2f4/RFgWxdarvIbyuk+m6WXT1LYgsnGiXRJGTD2Z1+SDl3LqtFuRtGX1aghYvQLoHL/9pg==}
    engines: {node: '>=18'}
    peerDependencies:
      zod: ^3.25.76 || ^4.1.8

  '@ai-sdk/provider@3.0.8':
    resolution: {integrity: sha512-oGMAgGoQdBXbZqNG0Ze56CHjDZ1IDYOwGYxYjO5KLSlz5HiNQ9udIXsPZ61VWaHGZ5XW/jyjmr6t2xz2jGVwbQ==}
    engines: {node: '>=18'}

  '@opentelemetry/api@1.9.0':
    resolution: {integrity: sha512-3giAOQvZiH5F9bMlMiv8+GSPMeqg0dbaeo58/0SlA9sxSqZhnUtxzX9/2FzyhS9sWQf5S0GJE0AKBrFqjpeYcg==}
    engines: {node: '>=8.0.0'}

  '@standard-schema/spec@1.1.0':
    resolution: {integrity: sha512-l2aFy5jALhniG5HgqrD6jXLi/rUWrKvqN/qJx6yoJsgKhblVd+iqqU4RCXavm/jPityDo5TCvKMnpjKnOriy0w==}

  '@vercel/oidc@3.1.0':
    resolution: {integrity: sha512-Fw28YZpRnA3cAHHDlkt7xQHiJ0fcL+NRcIqsocZQUSmbzeIKRpwttJjik5ZGanXP+vlA4SbTg+AbA3bP363l+w==}
    engines: {node: '>= 20'}

  ai@6.0.161:
    resolution: {integrity: sha512-ufhmijmx2YyWTPAicGgtpLOB/xD7mG8zKs1pT1Trj+JL/3r1rS8fkMi/cHZoChSAQSGB4pgmcWVxDrVTUvK2IQ==}
    engines: {node: '>=18'}
    peerDependencies:
      zod: ^3.25.76 || ^4.1.8

  eventsource-parser@3.0.6:
    resolution: {integrity: sha512-Vo1ab+QXPzZ4tCa8SwIHJFaSzy4R6SHf7BY79rFBDf0idraZWAkYrDjDj8uWaSm3S2TK+hJ7/t1CEmZ7jXw+pg==}
    engines: {node: '>=18.0.0'}

  fsevents@2.3.2:
    resolution: {integrity: sha512-xiqMQR4xAeHTuB9uWm+fFRcIOgKBMiOBP+eXiyT7jsgVCq1bkVygt00oASowB7EdtpOHaaPgKt812P9ab+DDKA==}
    engines: {node: ^8.16.0 || ^10.6.0 || >=11.0.0}
    os: [darwin]

  json-schema@0.4.0:
    resolution: {integrity: sha512-es94M3nTIfsEPisRafak+HDLfHXnKBhV3vU5eqPcS3flIWqcxJWgXHXiey3YrpaNsanY5ei1VoYEbOzijuq9BA==}

  playwright-core@1.59.1:
    resolution: {integrity: sha512-HBV/RJg81z5BiiZ9yPzIiClYV/QMsDCKUyogwH9p3MCP6IYjUFu/MActgYAvK0oWyV9NlwM3GLBjADyWgydVyg==}
    engines: {node: '>=18'}
    hasBin: true

  playwright@1.59.1:
    resolution: {integrity: sha512-C8oWjPR3F81yljW9o5OxcWzfh6avkVwDD2VYdwIGqTkl+OGFISgypqzfu7dOe4QNLL2aqcWBmI3PMtLIK233lw==}
    engines: {node: '>=18'}
    hasBin: true

  typescript@6.0.2:
    resolution: {integrity: sha512-bGdAIrZ0wiGDo5l8c++HWtbaNCWTS4UTv7RaTH/ThVIgjkveJt83m74bBHMJkuCbslY8ixgLBVZJIOiQlQTjfQ==}
    engines: {node: '>=14.17'}
    hasBin: true

  zod@4.3.6:
    resolution: {integrity: sha512-rftlrkhHZOcjDwkGlnUtZZkvaPHCsDATp4pGpuOOMDaTdDDXF91wuVDJoWoPsKX/3YPQ5fHuF3STjcYyKr+Qhg==}

snapshots:

  '@ai-sdk/gateway@3.0.98(zod@4.3.6)':
    dependencies:
      '@ai-sdk/provider': 3.0.8
      '@ai-sdk/provider-utils': 4.0.23(zod@4.3.6)
      '@vercel/oidc': 3.1.0
      zod: 4.3.6

  '@ai-sdk/openai-compatible@2.0.41(zod@4.3.6)':
    dependencies:
      '@ai-sdk/provider': 3.0.8
      '@ai-sdk/provider-utils': 4.0.23(zod@4.3.6)
      zod: 4.3.6

  '@ai-sdk/provider-utils@4.0.23(zod@4.3.6)':
    dependencies:
      '@ai-sdk/provider': 3.0.8
      '@standard-schema/spec': 1.1.0
      eventsource-parser: 3.0.6
      zod: 4.3.6

  '@ai-sdk/provider@3.0.8':
    dependencies:
      json-schema: 0.4.0

  '@opentelemetry/api@1.9.0': {}

  '@standard-schema/spec@1.1.0': {}

  '@vercel/oidc@3.1.0': {}

  ai@6.0.161(zod@4.3.6):
    dependencies:
      '@ai-sdk/gateway': 3.0.98(zod@4.3.6)
      '@ai-sdk/provider': 3.0.8
      '@ai-sdk/provider-utils': 4.0.23(zod@4.3.6)
      '@opentelemetry/api': 1.9.0
      zod: 4.3.6

  eventsource-parser@3.0.6: {}

  fsevents@2.3.2:
    optional: true

  json-schema@0.4.0: {}

  playwright-core@1.59.1: {}

  playwright@1.59.1:
    dependencies:
      playwright-core: 1.59.1
    optionalDependencies:
      fsevents: 2.3.2

  typescript@6.0.2: {}

  zod@4.3.6: {}
